
Microsoft Visual Studio Solution File, Format Version 12.00
# Visual Studio Version 16
VisualStudioVersion = 16.0.30413.136
MinimumVisualStudioVersion = 10.0.40219.1
Project("{FAE04EC0-301F-11D3-BF4B-00C04F79EFBC}") = "ZlanMobileApp.Android", "ZlanMobileApp\ZlanMobileApp.Android\ZlanMobileApp.Android.csproj", "{7465D04C-87BF-4C02-8EC5-3327654D0A00}"
EndProject
Project("{FAE04EC0-301F-11D3-BF4B-00C04F79EFBC}") = "ZlanMobileApp.iOS", "ZlanMobileApp\ZlanMobileApp.iOS\ZlanMobileApp.iOS.csproj", "{2F66DCBE-EAB9-4001-AB90-39D22C3164A2}"
EndProject
Project("{FAE04EC0-301F-11D3-BF4B-00C04F79EFBC}") = "ZlanMobileApp", "ZlanMobileApp\ZlanMobileApp\ZlanMobileApp.csproj", "{111CECF6-49BB-4A43-BEB8-6CC870EB0C3D}"
EndProject
Global
	GlobalSection(SolutionConfigurationPlatforms) = preSolution
		Debug|Any CPU = Debug|Any CPU
		Debug|iPhone = Debug|iPhone
		Debug|iPhoneSimulator = Debug|iPhoneSimulator
		Release|Any CPU = Release|Any CPU
		Release|iPhone = Release|iPhone
		Release|iPhoneSimulator = Release|iPhoneSimulator
	EndGlobalSection
	GlobalSection(ProjectConfigurationPlatforms) = postSolution
		{7465D04C-87BF-4C02-8EC5-3327654D0A00}.Debug|Any CPU.ActiveCfg = Debug|Any CPU
		{7465D04C-87BF-4C02-8EC5-3327654D0A00}.Debug|Any CPU.Build.0 = Debug|Any CPU
		{7465D04C-87BF-4C02-8EC5-3327654D0A00}.Debug|Any CPU.Deploy.0 = Debug|Any CPU
		{7465D04C-87BF-4C02-8EC5-3327654D0A00}.Debug|iPhone.ActiveCfg = Debug|Any CPU
		{7465D04C-87BF-4C02-8EC5-3327654D0A00}.Debug|iPhone.Build.0 = Debug|Any CPU
		{7465D04C-87BF-4C02-8EC5-3327654D0A00}.Debug|iPhone.Deploy.0 = Debug|Any CPU
		{7465D04C-87BF-4C02-8EC5-3327654D0A00}.Debug|iPhoneSimulator.ActiveCfg = Debug|Any CPU
		{7465D04C-87BF-4C02-8EC5-3327654D0A00}.Debug|iPhoneSimulator.Build.0 = Debug|Any CPU
		{7465D04C-87BF-4C02-8EC5-3327654D0A00}.Debug|iPhoneSimulator.Deploy.0 = Debug|Any CPU
		{7465D04C-87BF-4C02-8EC5-3327654D0A00}.Release|Any CPU.ActiveCfg = Release|Any CPU
		{7465D04C-87BF-4C02-8EC5-3327654D0A00}.Release|Any CPU.Build.0 = Release|Any CPU
		{7465D04C-87BF-4C02-8EC5-3327654D0A00}.Release|Any CPU.Deploy.0 = Release|Any CPU
		{7465D04C-87BF-4C02-8EC5-3327654D0A00}.Release|iPhone.ActiveCfg = Release|Any CPU
		{7465D04C-87BF-4C02-8EC5-3327654D0A00}.Release|iPhone.Build.0 = Release|Any CPU
		{7465D04C-87BF-4C02-8EC5-3327654D0A00}.Release|iPhone.Deploy.0 = Release|Any CPU
		{7465D04C-87BF-4C02-8EC5-3327654D0A00}.Release|iPhoneSimulator.ActiveCfg = Release|Any CPU
		{7465D04C-87BF-4C02-8EC5-3327654D0A00}.Release|iPhoneSimulator.Build.0 = Release|Any CPU
		{7465D04C-87BF-4C02-8EC5-3327654D0A00}.Release|iPhoneSimulator.Deploy.0 = Release|Any CPU
		{2F66DCBE-EAB9-4001-AB90-39D22C3164A2}.Debug|Any CPU.ActiveCfg = Debug|iPhone
		{2F66DCBE-EAB9-4001-AB90-39D22C3164A2}.Debug|Any CPU.Build.0 = Debug|iPhone
		{2F66DCBE-EAB9-4001-AB90-39D22C3164A2}.Debug|Any CPU.Deploy.0 = Debug|iPhone
		{2F66DCBE-EAB9-4001-AB90-39D22C3164A2}.Debug|iPhone.ActiveCfg = Debug|iPhone
		{2F66DCBE-EAB9-4001-AB90-39D22C3164A2}.Debug|iPhone.Build.0 = Debug|iPhone
		{2F66DCBE-EAB9-4001-AB90-39D22C3164A2}.Debug|iPhone.Deploy.0 = Debug|iPhone
		{2F66DCBE-EAB9-4001-AB90-39D22C3164A2}.Debug|iPhoneSimulator.ActiveCfg = Debug|iPhoneSimulator
		{2F66DCBE-EAB9-4001-AB90-39D22C3164A2}.Debug|iPhoneSimulator.Build.0 = Debug|iPhoneSimulator
		{2F66DCBE-EAB9-4001-AB90-39D22C3164A2}.Debug|iPhoneSimulator.Deploy.0 = Debug|iPhoneSimulator
		{2F66DCBE-EAB9-4001-AB90-39D22C3164A2}.Release|Any CPU.ActiveCfg = Release|iPhone
		{2F66DCBE-EAB9-4001-AB90-39D22C3164A2}.Release|Any CPU.Build.0 = Release|iPhone
		{2F66DCBE-EAB9-4001-AB90-39D22C3164A2}.Release|Any CPU.Deploy.0 = Release|iPhone
		{2F66DCBE-EAB9-4001-AB90-39D22C3164A2}.Release|iPhone.ActiveCfg = Release|iPhone
		{2F66DCBE-EAB9-4001-AB90-39D22C3164A2}.Release|iPhone.Build.0 = Release|iPhone
		{2F66DCBE-EAB9-4001-AB90-39D22C3164A2}.Release|iPhone.Deploy.0 = Release|iPhone
		{2F66DCBE-EAB9-4001-AB90-39D22C3164A2}.Release|iPhoneSimulator.ActiveCfg = Release|iPhoneSimulator
		{2F66DCBE-EAB9-4001-AB90-39D22C3164A2}.Release|iPhoneSimulator.Build.0 = Release|iPhoneSimulator
		{2F66DCBE-EAB9-4001-AB90-39D22C3164A2}.Release|iPhoneSimulator.Deploy.0 = Release|iPhoneSimulator
		{111CECF6-49BB-4A43-BEB8-6CC870EB0C3D}.Debug|Any CPU.ActiveCfg = Debug|Any CPU
		{111CECF6-49BB-4A43-BEB8-6CC870EB0C3D}.Debug|Any CPU.Build.0 = Debug|Any CPU
		{111CECF6-49BB-4A43-BEB8-6CC870EB0C3D}.Debug|Any CPU.Deploy.0 = Debug|Any CPU
		{111CECF6-49BB-4A43-BEB8-6CC870EB0C3D}.Debug|iPhone.ActiveCfg = Debug|Any CPU
		{111CECF6-49BB-4A43-BEB8-6CC870EB0C3D}.Debug|iPhone.Build.0 = Debug|Any CPU
		{111CECF6-49BB-4A43-BEB8-6CC870EB0C3D}.Debug|iPhone.Deploy.0 = Debug|Any CPU
		{111CECF6-49BB-4A43-BEB8-6CC870EB0C3D}.Debug|iPhoneSimulator.ActiveCfg = Debug|Any CPU
		{111CECF6-49BB-4A43-BEB8-6CC870EB0C3D}.Debug|iPhoneSimulator.Build.0 = Debug|Any CPU
		{111CECF6-49BB-4A43-BEB8-6CC870EB0C3D}.Debug|iPhoneSimulator.Deploy.0 = Debug|Any CPU
		{111CECF6-49BB-4A43-BEB8-6CC870EB0C3D}.Release|Any CPU.ActiveCfg = Release|Any CPU
		{111CECF6-49BB-4A43-BEB8-6CC870EB0C3D}.Release|Any CPU.Build.0 = Release|Any CPU
		{111CECF6-49BB-4A43-BEB8-6CC870EB0C3D}.Release|Any CPU.Deploy.0 = Release|Any CPU
		{111CECF6-49BB-4A43-BEB8-6CC870EB0C3D}.Release|iPhone.ActiveCfg = Release|Any CPU
		{111CECF6-49BB-4A43-BEB8-6CC870EB0C3D}.Release|iPhone.Build.0 = Release|Any CPU
		{111CECF6-49BB-4A43-BEB8-6CC870EB0C3D}.Release|iPhone.Deploy.0 = Release|Any CPU
		{111CECF6-49BB-4A43-BEB8-6CC870EB0C3D}.Release|iPhoneSimulator.ActiveCfg = Release|Any CPU
		{111CECF6-49BB-4A43-BEB8-6CC870EB0C3D}.Release|iPhoneSimulator.Build.0 = Release|Any CPU
		{111CECF6-49BB-4A43-BEB8-6CC870EB0C3D}.Release|iPhoneSimulator.Deploy.0 = Release|Any CPU
	EndGlobalSection
	GlobalSection(SolutionProperties) = preSolution
		HideSolutionNode = FALSE
	EndGlobalSection
	GlobalSection(ExtensibilityGlobals) = postSolution
		SolutionGuid = {644B86F7-7E1F-4513-8B34-1BEF6802D0DE}
	EndGlobalSection
EndGlobal
